{
  "originHash" : "d74a29a21fa7829256d23a848f0e8b5c1047d7adcf4cb19212a5013406c0e99b",
  "pins" : [
    {
      "identity" : "sortinganimationkit",
      "kind" : "localSourceControl",
      "location" : "/Users/Azeroth/SortingAnimationKit",
      "state" : {
        "revision" : "b05339da4413d7df5a4cea7b422f5476cd158512",
        "version" : "1.0.0"
      }
    }
  ],
  "version" : 3
}
