{
  "originHash" : "d74a29a21fa7829256d23a848f0e8b5c1047d7adcf4cb19212a5013406c0e99b",
  "pins" : [
    {
      "identity" : "sortinganimationkit",
      "kind" : "localSourceControl",
      "location" : "/Users/Azeroth/SortingAnimationKit",
      "state" : {
        "revision" : "d585d5b6c45ca0216f0ee0f176fc9ef3884d1cf3",
        "version" : "1.0.0"
      }
    }
  ],
  "version" : 3
}
